// !$*UTF8*$!
{
	archiveVersion = 1;
	classes = {
	};
	objectVersion = 77;
	objects = {

/* Begin PBXBuildFile section */
		13770C252D79B90A00E10265 /* FirebaseAuth in Frameworks */ = {isa = PBXBuildFile; productRef = 13770C242D79B90A00E10265 /* FirebaseAuth */; };
		13770C272D79B90A00E10265 /* FirebaseFirestore in Frameworks */ = {isa = PBXBuildFile; productRef = 13770C262D79B90A00E10265 /* FirebaseFirestore */; };
		13DC24792D8D244F002ED3E6 /* Preview Assets.xcassets in Resources */ = {isa = PBXBuildFile; fileRef = 13DC246E2D8D244F002ED3E6 /* Preview Assets.xcassets */; };
		13DC247A2D8D244F002ED3E6 /* Assets.xcassets in Resources */ = {isa = PBXBuildFile; fileRef = 13DC24752D8D244F002ED3E6 /* Assets.xcassets */; };
		13DC247B2D8D244F002ED3E6 /* GoogleService-Info.plist in Resources */ = {isa = PBXBuildFile; fileRef = 13DC24762D8D244F002ED3E6 /* GoogleService-Info.plist */; };
		13DC247C2D8D244F002ED3E6 /* CircleImage.swift in Sources */ = {isa = PBXBuildFile; fileRef = 13DC24712D8D244F002ED3E6 /* CircleImage.swift */; };
		13DC247D2D8D244F002ED3E6 /* ContentView.swift in Sources */ = {isa = PBXBuildFile; fileRef = 13DC24722D8D244F002ED3E6 /* ContentView.swift */; };
		13DC247E2D8D244F002ED3E6 /* MapView.swift in Sources */ = {isa = PBXBuildFile; fileRef = 13DC24732D8D244F002ED3E6 /* MapView.swift */; };
		13DC247F2D8D244F002ED3E6 /* ToDoListApp.swift in Sources */ = {isa = PBXBuildFile; fileRef = 13DC24772D8D244F002ED3E6 /* ToDoListApp.swift */; };
		13DC24812D8D24D6002ED3E6 /* Landmark.swift in Sources */ = {isa = PBXBuildFile; fileRef = 13DC24802D8D24D6002ED3E6 /* Landmark.swift */; };
		13DC248E2D8D3EA4002ED3E6 /* chincoteague@2x.jpg in Resources */ = {isa = PBXBuildFile; fileRef = 13DC24842D8D3EA4002ED3E6 /* chincoteague@2x.jpg */; };
		13DC248F2D8D3EA4002ED3E6 /* hiddenlake@2x.jpg in Resources */ = {isa = PBXBuildFile; fileRef = 13DC24852D8D3EA4002ED3E6 /* hiddenlake@2x.jpg */; };
		13DC24902D8D3EA4002ED3E6 /* rainbowlake@2x.jpg in Resources */ = {isa = PBXBuildFile; fileRef = 13DC24882D8D3EA4002ED3E6 /* rainbowlake@2x.jpg */; };
		13DC24912D8D3EA4002ED3E6 /* lakemcdonald@2x.jpg in Resources */ = {isa = PBXBuildFile; fileRef = 13DC24872D8D3EA4002ED3E6 /* lakemcdonald@2x.jpg */; };
		13DC24922D8D3EA4002ED3E6 /* chilkoottrail@2x.jpg in Resources */ = {isa = PBXBuildFile; fileRef = 13DC24832D8D3EA4002ED3E6 /* chilkoottrail@2x.jpg */; };
		13DC24932D8D3EA4002ED3E6 /* silversalmoncreek@2x.jpg in Resources */ = {isa = PBXBuildFile; fileRef = 13DC24892D8D3EA4002ED3E6 /* silversalmoncreek@2x.jpg */; };
		13DC24942D8D3EA4002ED3E6 /* stmarylake@2x.jpg in Resources */ = {isa = PBXBuildFile; fileRef = 13DC248A2D8D3EA4002ED3E6 /* stmarylake@2x.jpg */; };
		13DC24952D8D3EA4002ED3E6 /* umbagog@2x.jpg in Resources */ = {isa = PBXBuildFile; fileRef = 13DC248C2D8D3EA4002ED3E6 /* umbagog@2x.jpg */; };
		13DC24962D8D3EA4002ED3E6 /* twinlake@2x.jpg in Resources */ = {isa = PBXBuildFile; fileRef = 13DC248B2D8D3EA4002ED3E6 /* twinlake@2x.jpg */; };
		13DC24972D8D3EA4002ED3E6 /* charleyrivers@2x.jpg in Resources */ = {isa = PBXBuildFile; fileRef = 13DC24822D8D3EA4002ED3E6 /* charleyrivers@2x.jpg */; };
		13DC24982D8D3EA4002ED3E6 /* icybay@2x.jpg in Resources */ = {isa = PBXBuildFile; fileRef = 13DC24862D8D3EA4002ED3E6 /* icybay@2x.jpg */; };
		13DC249A2D8D3F5D002ED3E6 /* turtlerock@2x.jpg in Resources */ = {isa = PBXBuildFile; fileRef = 13DC24992D8D3F5D002ED3E6 /* turtlerock@2x.jpg */; };
		13DC249C2D8D45D1002ED3E6 /* ModelData.swift in Sources */ = {isa = PBXBuildFile; fileRef = 13DC249B2D8D45D1002ED3E6 /* ModelData.swift */; };
		13DC249E2D8D4E55002ED3E6 /* landmarkData.json in Resources */ = {isa = PBXBuildFile; fileRef = 13DC249D2D8D4E55002ED3E6 /* landmarkData.json */; };
		13DC24A02D8D4ED6002ED3E6 /* LandmarkRow.swift in Sources */ = {isa = PBXBuildFile; fileRef = 13DC249F2D8D4ED6002ED3E6 /* LandmarkRow.swift */; };
		13DC24A22D8D536C002ED3E6 /* LandmarkList.swift in Sources */ = {isa = PBXBuildFile; fileRef = 13DC24A12D8D536C002ED3E6 /* LandmarkList.swift */; };
		13DC24A42D8D54EC002ED3E6 /* LandmarkDetail.swift in Sources */ = {isa = PBXBuildFile; fileRef = 13DC24A32D8D54EC002ED3E6 /* LandmarkDetail.swift */; };
		13DC24A62D8FBA17002ED3E6 /* FavoriteButton.swift in Sources */ = {isa = PBXBuildFile; fileRef = 13DC24A52D8FBA17002ED3E6 /* FavoriteButton.swift */; };
		13DC24B02D8FC4AA002ED3E6 /* HexagonParameters.swift in Sources */ = {isa = PBXBuildFile; fileRef = 13DC24AF2D8FC4AA002ED3E6 /* HexagonParameters.swift */; };
		13DC24B22D8FC5B4002ED3E6 /* BadgeBackground.swift in Sources */ = {isa = PBXBuildFile; fileRef = 13DC24B12D8FC5B4002ED3E6 /* BadgeBackground.swift */; };
		13DC24B42D8FE536002ED3E6 /* BadgeSymbol.swift in Sources */ = {isa = PBXBuildFile; fileRef = 13DC24B32D8FE536002ED3E6 /* BadgeSymbol.swift */; };
		13DC24B62D8FE5B9002ED3E6 /* RotatedBadgeSymbol.swift in Sources */ = {isa = PBXBuildFile; fileRef = 13DC24B52D8FE5B9002ED3E6 /* RotatedBadgeSymbol.swift */; };
		13DC24B82D8FE63B002ED3E6 /* Badge.swift in Sources */ = {isa = PBXBuildFile; fileRef = 13DC24B72D8FE63A002ED3E6 /* Badge.swift */; };
		13DC24BB2D8FECE4002ED3E6 /* hikeData.json in Resources */ = {isa = PBXBuildFile; fileRef = 13DC24BA2D8FECE4002ED3E6 /* hikeData.json */; };
		13DC24BD2D8FED04002ED3E6 /* Hike.swift in Sources */ = {isa = PBXBuildFile; fileRef = 13DC24BC2D8FED04002ED3E6 /* Hike.swift */; };
		13DC24C32D91BA13002ED3E6 /* HikeView.swift in Sources */ = {isa = PBXBuildFile; fileRef = 13DC24C12D91BA13002ED3E6 /* HikeView.swift */; };
		13DC24C42D91BA13002ED3E6 /* HikeDetail.swift in Sources */ = {isa = PBXBuildFile; fileRef = 13DC24BF2D91BA13002ED3E6 /* HikeDetail.swift */; };
		13DC24C52D91BA13002ED3E6 /* GraphCapsule.swift in Sources */ = {isa = PBXBuildFile; fileRef = 13DC24BE2D91BA13002ED3E6 /* GraphCapsule.swift */; };
		13DC24C62D91BA13002ED3E6 /* HikeGraph.swift in Sources */ = {isa = PBXBuildFile; fileRef = 13DC24C02D91BA13002ED3E6 /* HikeGraph.swift */; };
		13DC24C92D91C27A002ED3E6 /* CategoryHome.swift in Sources */ = {isa = PBXBuildFile; fileRef = 13DC24C82D91C27A002ED3E6 /* CategoryHome.swift */; };
		13DC24CB2D91C4C7002ED3E6 /* CategoryRow.swift in Sources */ = {isa = PBXBuildFile; fileRef = 13DC24CA2D91C4C7002ED3E6 /* CategoryRow.swift */; };
		13DC24CD2D91C7B8002ED3E6 /* CategoryItem.swift in Sources */ = {isa = PBXBuildFile; fileRef = 13DC24CC2D91C7B8002ED3E6 /* CategoryItem.swift */; };
		13DC24CF2D91CF1E002ED3E6 /* Profile.swift in Sources */ = {isa = PBXBuildFile; fileRef = 13DC24CE2D91CF1E002ED3E6 /* Profile.swift */; };
		13DC24D22D91CF5E002ED3E6 /* ProfileHost.swift in Sources */ = {isa = PBXBuildFile; fileRef = 13DC24D12D91CF5E002ED3E6 /* ProfileHost.swift */; };
		13DC24D42D91CFE3002ED3E6 /* ProfileSummary.swift in Sources */ = {isa = PBXBuildFile; fileRef = 13DC24D32D91CFE3002ED3E6 /* ProfileSummary.swift */; };
		13DC24D62D91D170002ED3E6 /* HikeBadge.swift in Sources */ = {isa = PBXBuildFile; fileRef = 13DC24D52D91D170002ED3E6 /* HikeBadge.swift */; };
		13DC24D82D9251D4002ED3E6 /* ProfileEditor.swift in Sources */ = {isa = PBXBuildFile; fileRef = 13DC24D72D9251D4002ED3E6 /* ProfileEditor.swift */; };
/* End PBXBuildFile section */

/* Begin PBXContainerItemProxy section */
		13770BF52D79A3F800E10265 /* PBXContainerItemProxy */ = {
			isa = PBXContainerItemProxy;
			containerPortal = 13770BDC2D79A3F700E10265 /* Project object */;
			proxyType = 1;
			remoteGlobalIDString = 13770BE32D79A3F700E10265;
			remoteInfo = ToDoList;
		};
		13770BFF2D79A3F800E10265 /* PBXContainerItemProxy */ = {
			isa = PBXContainerItemProxy;
			containerPortal = 13770BDC2D79A3F700E10265 /* Project object */;
			proxyType = 1;
			remoteGlobalIDString = 13770BE32D79A3F700E10265;
			remoteInfo = ToDoList;
		};
/* End PBXContainerItemProxy section */

/* Begin PBXFileReference section */
		13770BE42D79A3F700E10265 /* ToDoList.app */ = {isa = PBXFileReference; explicitFileType = wrapper.application; includeInIndex = 0; path = ToDoList.app; sourceTree = BUILT_PRODUCTS_DIR; };
		13770BF42D79A3F800E10265 /* ToDoListTests.xctest */ = {isa = PBXFileReference; explicitFileType = wrapper.cfbundle; includeInIndex = 0; path = ToDoListTests.xctest; sourceTree = BUILT_PRODUCTS_DIR; };
		13770BFE2D79A3F800E10265 /* ToDoListUITests.xctest */ = {isa = PBXFileReference; explicitFileType = wrapper.cfbundle; includeInIndex = 0; path = ToDoListUITests.xctest; sourceTree = BUILT_PRODUCTS_DIR; };
		13DC246E2D8D244F002ED3E6 /* Preview Assets.xcassets */ = {isa = PBXFileReference; lastKnownFileType = folder.assetcatalog; path = "Preview Assets.xcassets"; sourceTree = "<group>"; };
		13DC24712D8D244F002ED3E6 /* CircleImage.swift */ = {isa = PBXFileReference; lastKnownFileType = sourcecode.swift; path = CircleImage.swift; sourceTree = "<group>"; };
		13DC24722D8D244F002ED3E6 /* ContentView.swift */ = {isa = PBXFileReference; lastKnownFileType = sourcecode.swift; path = ContentView.swift; sourceTree = "<group>"; };
		13DC24732D8D244F002ED3E6 /* MapView.swift */ = {isa = PBXFileReference; lastKnownFileType = sourcecode.swift; path = MapView.swift; sourceTree = "<group>"; };
		13DC24752D8D244F002ED3E6 /* Assets.xcassets */ = {isa = PBXFileReference; lastKnownFileType = folder.assetcatalog; path = Assets.xcassets; sourceTree = "<group>"; };
		13DC24762D8D244F002ED3E6 /* GoogleService-Info.plist */ = {isa = PBXFileReference; lastKnownFileType = text.plist.xml; path = "GoogleService-Info.plist"; sourceTree = "<group>"; };
		13DC24772D8D244F002ED3E6 /* ToDoListApp.swift */ = {isa = PBXFileReference; lastKnownFileType = sourcecode.swift; path = ToDoListApp.swift; sourceTree = "<group>"; };
		13DC24802D8D24D6002ED3E6 /* Landmark.swift */ = {isa = PBXFileReference; lastKnownFileType = sourcecode.swift; path = Landmark.swift; sourceTree = "<group>"; };
		13DC24822D8D3EA4002ED3E6 /* charleyrivers@2x.jpg */ = {isa = PBXFileReference; lastKnownFileType = image.jpeg; path = "charleyrivers@2x.jpg"; sourceTree = "<group>"; };
		13DC24832D8D3EA4002ED3E6 /* chilkoottrail@2x.jpg */ = {isa = PBXFileReference; lastKnownFileType = image.jpeg; path = "chilkoottrail@2x.jpg"; sourceTree = "<group>"; };
		13DC24842D8D3EA4002ED3E6 /* chincoteague@2x.jpg */ = {isa = PBXFileReference; lastKnownFileType = image.jpeg; path = "chincoteague@2x.jpg"; sourceTree = "<group>"; };
		13DC24852D8D3EA4002ED3E6 /* hiddenlake@2x.jpg */ = {isa = PBXFileReference; lastKnownFileType = image.jpeg; path = "hiddenlake@2x.jpg"; sourceTree = "<group>"; };
		13DC24862D8D3EA4002ED3E6 /* icybay@2x.jpg */ = {isa = PBXFileReference; lastKnownFileType = image.jpeg; path = "icybay@2x.jpg"; sourceTree = "<group>"; };
		13DC24872D8D3EA4002ED3E6 /* lakemcdonald@2x.jpg */ = {isa = PBXFileReference; lastKnownFileType = image.jpeg; path = "lakemcdonald@2x.jpg"; sourceTree = "<group>"; };
		13DC24882D8D3EA4002ED3E6 /* rainbowlake@2x.jpg */ = {isa = PBXFileReference; lastKnownFileType = image.jpeg; path = "rainbowlake@2x.jpg"; sourceTree = "<group>"; };
		13DC24892D8D3EA4002ED3E6 /* silversalmoncreek@2x.jpg */ = {isa = PBXFileReference; lastKnownFileType = image.jpeg; path = "silversalmoncreek@2x.jpg"; sourceTree = "<group>"; };
		13DC248A2D8D3EA4002ED3E6 /* stmarylake@2x.jpg */ = {isa = PBXFileReference; lastKnownFileType = image.jpeg; path = "stmarylake@2x.jpg"; sourceTree = "<group>"; };
		13DC248B2D8D3EA4002ED3E6 /* twinlake@2x.jpg */ = {isa = PBXFileReference; lastKnownFileType = image.jpeg; path = "twinlake@2x.jpg"; sourceTree = "<group>"; };
		13DC248C2D8D3EA4002ED3E6 /* umbagog@2x.jpg */ = {isa = PBXFileReference; lastKnownFileType = image.jpeg; path = "umbagog@2x.jpg"; sourceTree = "<group>"; };
		13DC24992D8D3F5D002ED3E6 /* turtlerock@2x.jpg */ = {isa = PBXFileReference; lastKnownFileType = image.jpeg; path = "turtlerock@2x.jpg"; sourceTree = "<group>"; };
		13DC249B2D8D45D1002ED3E6 /* ModelData.swift */ = {isa = PBXFileReference; lastKnownFileType = sourcecode.swift; path = ModelData.swift; sourceTree = "<group>"; };
		13DC249D2D8D4E55002ED3E6 /* landmarkData.json */ = {isa = PBXFileReference; lastKnownFileType = text.json; path = landmarkData.json; sourceTree = "<group>"; };
		13DC249F2D8D4ED6002ED3E6 /* LandmarkRow.swift */ = {isa = PBXFileReference; lastKnownFileType = sourcecode.swift; path = LandmarkRow.swift; sourceTree = "<group>"; };
		13DC24A12D8D536C002ED3E6 /* LandmarkList.swift */ = {isa = PBXFileReference; lastKnownFileType = sourcecode.swift; path = LandmarkList.swift; sourceTree = "<group>"; };
		13DC24A32D8D54EC002ED3E6 /* LandmarkDetail.swift */ = {isa = PBXFileReference; lastKnownFileType = sourcecode.swift; path = LandmarkDetail.swift; sourceTree = "<group>"; };
		13DC24A52D8FBA17002ED3E6 /* FavoriteButton.swift */ = {isa = PBXFileReference; lastKnownFileType = sourcecode.swift; path = FavoriteButton.swift; sourceTree = "<group>"; };
		13DC24AF2D8FC4AA002ED3E6 /* HexagonParameters.swift */ = {isa = PBXFileReference; lastKnownFileType = sourcecode.swift; path = HexagonParameters.swift; sourceTree = "<group>"; };
		13DC24B12D8FC5B4002ED3E6 /* BadgeBackground.swift */ = {isa = PBXFileReference; lastKnownFileType = sourcecode.swift; path = BadgeBackground.swift; sourceTree = "<group>"; };
		13DC24B32D8FE536002ED3E6 /* BadgeSymbol.swift */ = {isa = PBXFileReference; lastKnownFileType = sourcecode.swift; path = BadgeSymbol.swift; sourceTree = "<group>"; };
		13DC24B52D8FE5B9002ED3E6 /* RotatedBadgeSymbol.swift */ = {isa = PBXFileReference; lastKnownFileType = sourcecode.swift; path = RotatedBadgeSymbol.swift; sourceTree = "<group>"; };
		13DC24B72D8FE63A002ED3E6 /* Badge.swift */ = {isa = PBXFileReference; lastKnownFileType = sourcecode.swift; path = Badge.swift; sourceTree = "<group>"; };
		13DC24BA2D8FECE4002ED3E6 /* hikeData.json */ = {isa = PBXFileReference; lastKnownFileType = text.json; path = hikeData.json; sourceTree = "<group>"; };
		13DC24BC2D8FED04002ED3E6 /* Hike.swift */ = {isa = PBXFileReference; lastKnownFileType = sourcecode.swift; path = Hike.swift; sourceTree = "<group>"; };
		13DC24BE2D91BA13002ED3E6 /* GraphCapsule.swift */ = {isa = PBXFileReference; lastKnownFileType = sourcecode.swift; path = GraphCapsule.swift; sourceTree = "<group>"; };
		13DC24BF2D91BA13002ED3E6 /* HikeDetail.swift */ = {isa = PBXFileReference; lastKnownFileType = sourcecode.swift; path = HikeDetail.swift; sourceTree = "<group>"; };
		13DC24C02D91BA13002ED3E6 /* HikeGraph.swift */ = {isa = PBXFileReference; lastKnownFileType = sourcecode.swift; path = HikeGraph.swift; sourceTree = "<group>"; };
		13DC24C12D91BA13002ED3E6 /* HikeView.swift */ = {isa = PBXFileReference; lastKnownFileType = sourcecode.swift; path = HikeView.swift; sourceTree = "<group>"; };
		13DC24C82D91C27A002ED3E6 /* CategoryHome.swift */ = {isa = PBXFileReference; lastKnownFileType = sourcecode.swift; path = CategoryHome.swift; sourceTree = "<group>"; };
		13DC24CA2D91C4C7002ED3E6 /* CategoryRow.swift */ = {isa = PBXFileReference; lastKnownFileType = sourcecode.swift; path = CategoryRow.swift; sourceTree = "<group>"; };
		13DC24CC2D91C7B8002ED3E6 /* CategoryItem.swift */ = {isa = PBXFileReference; lastKnownFileType = sourcecode.swift; path = CategoryItem.swift; sourceTree = "<group>"; };
		13DC24CE2D91CF1E002ED3E6 /* Profile.swift */ = {isa = PBXFileReference; lastKnownFileType = sourcecode.swift; path = Profile.swift; sourceTree = "<group>"; };
		13DC24D12D91CF5E002ED3E6 /* ProfileHost.swift */ = {isa = PBXFileReference; lastKnownFileType = sourcecode.swift; path = ProfileHost.swift; sourceTree = "<group>"; };
		13DC24D32D91CFE3002ED3E6 /* ProfileSummary.swift */ = {isa = PBXFileReference; lastKnownFileType = sourcecode.swift; path = ProfileSummary.swift; sourceTree = "<group>"; };
		13DC24D52D91D170002ED3E6 /* HikeBadge.swift */ = {isa = PBXFileReference; lastKnownFileType = sourcecode.swift; path = HikeBadge.swift; sourceTree = "<group>"; };
		13DC24D72D9251D4002ED3E6 /* ProfileEditor.swift */ = {isa = PBXFileReference; lastKnownFileType = sourcecode.swift; path = ProfileEditor.swift; sourceTree = "<group>"; };
/* End PBXFileReference section */

/* Begin PBXFileSystemSynchronizedRootGroup section */
		13770BF72D79A3F800E10265 /* ToDoListTests */ = {
			isa = PBXFileSystemSynchronizedRootGroup;
			path = ToDoListTests;
			sourceTree = "<group>";
		};
		13770C012D79A3F800E10265 /* ToDoListUITests */ = {
			isa = PBXFileSystemSynchronizedRootGroup;
			path = ToDoListUITests;
			sourceTree = "<group>";
		};
/* End PBXFileSystemSynchronizedRootGroup section */

/* Begin PBXFrameworksBuildPhase section */
		13770BE12D79A3F700E10265 /* Frameworks */ = {
			isa = PBXFrameworksBuildPhase;
			buildActionMask = 2147483647;
			files = (
				13770C252D79B90A00E10265 /* FirebaseAuth in Frameworks */,
				13770C272D79B90A00E10265 /* FirebaseFirestore in Frameworks */,
			);
			runOnlyForDeploymentPostprocessing = 0;
		};
		13770BF12D79A3F800E10265 /* Frameworks */ = {
			isa = PBXFrameworksBuildPhase;
			buildActionMask = 2147483647;
			files = (
			);
			runOnlyForDeploymentPostprocessing = 0;
		};
		13770BFB2D79A3F800E10265 /* Frameworks */ = {
			isa = PBXFrameworksBuildPhase;
			buildActionMask = 2147483647;
			files = (
			);
			runOnlyForDeploymentPostprocessing = 0;
		};
/* End PBXFrameworksBuildPhase section */

/* Begin PBXGroup section */
		13770BDB2D79A3F700E10265 = {
			isa = PBXGroup;
			children = (
				13DC24782D8D244F002ED3E6 /* ToDoList */,
				13770BF72D79A3F800E10265 /* ToDoListTests */,
				13770C012D79A3F800E10265 /* ToDoListUITests */,
				13770C232D79B90A00E10265 /* Frameworks */,
				13770BE52D79A3F700E10265 /* Products */,
			);
			sourceTree = "<group>";
		};
		13770BE52D79A3F700E10265 /* Products */ = {
			isa = PBXGroup;
			children = (
				13770BE42D79A3F700E10265 /* ToDoList.app */,
				13770BF42D79A3F800E10265 /* ToDoListTests.xctest */,
				13770BFE2D79A3F800E10265 /* ToDoListUITests.xctest */,
			);
			name = Products;
			sourceTree = "<group>";
		};
		13770C232D79B90A00E10265 /* Frameworks */ = {
			isa = PBXGroup;
			children = (
			);
			name = Frameworks;
			sourceTree = "<group>";
		};
		13DC246D2D8D244F002ED3E6 /* Model */ = {
			isa = PBXGroup;
			children = (
				13DC24802D8D24D6002ED3E6 /* Landmark.swift */,
				13DC249B2D8D45D1002ED3E6 /* ModelData.swift */,
				13DC24BC2D8FED04002ED3E6 /* Hike.swift */,
				13DC24CE2D91CF1E002ED3E6 /* Profile.swift */,
			);
			path = Model;
			sourceTree = "<group>";
		};
		13DC246F2D8D244F002ED3E6 /* Preview Content */ = {
			isa = PBXGroup;
			children = (
				13DC246E2D8D244F002ED3E6 /* Preview Assets.xcassets */,
			);
			path = "Preview Content";
			sourceTree = "<group>";
		};
		13DC24702D8D244F002ED3E6 /* Resources */ = {
			isa = PBXGroup;
			children = (
				13DC24992D8D3F5D002ED3E6 /* turtlerock@2x.jpg */,
				13DC248D2D8D3EA4002ED3E6 /* Images */,
				13DC249D2D8D4E55002ED3E6 /* landmarkData.json */,
				13DC24BA2D8FECE4002ED3E6 /* hikeData.json */,
			);
			path = Resources;
			sourceTree = "<group>";
		};
		13DC24742D8D244F002ED3E6 /* View */ = {
			isa = PBXGroup;
			children = (
				13DC24722D8D244F002ED3E6 /* ContentView.swift */,
				13DC24A72D8FBAB1002ED3E6 /* Landmarks */,
				13DC24A82D8FBACC002ED3E6 /* Helper */,
				13DC24B92D8FE79B002ED3E6 /* Badge */,
				13DC24C22D91BA13002ED3E6 /* Hikes */,
				13DC24C72D91C249002ED3E6 /* Categories */,
				13DC24D02D91CF3D002ED3E6 /* Profiles */,
			);
			path = View;
			sourceTree = "<group>";
		};
		13DC24782D8D244F002ED3E6 /* ToDoList */ = {
			isa = PBXGroup;
			children = (
				13DC24772D8D244F002ED3E6 /* ToDoListApp.swift */,
				13DC24762D8D244F002ED3E6 /* GoogleService-Info.plist */,
				13DC24752D8D244F002ED3E6 /* Assets.xcassets */,
				13DC24742D8D244F002ED3E6 /* View */,
				13DC246D2D8D244F002ED3E6 /* Model */,
				13DC24702D8D244F002ED3E6 /* Resources */,
				13DC246F2D8D244F002ED3E6 /* Preview Content */,
			);
			path = ToDoList;
			sourceTree = "<group>";
		};
		13DC248D2D8D3EA4002ED3E6 /* Images */ = {
			isa = PBXGroup;
			children = (
				13DC24822D8D3EA4002ED3E6 /* charleyrivers@2x.jpg */,
				13DC24832D8D3EA4002ED3E6 /* chilkoottrail@2x.jpg */,
				13DC24842D8D3EA4002ED3E6 /* chincoteague@2x.jpg */,
				13DC24852D8D3EA4002ED3E6 /* hiddenlake@2x.jpg */,
				13DC24862D8D3EA4002ED3E6 /* icybay@2x.jpg */,
				13DC24872D8D3EA4002ED3E6 /* lakemcdonald@2x.jpg */,
				13DC24882D8D3EA4002ED3E6 /* rainbowlake@2x.jpg */,
				13DC24892D8D3EA4002ED3E6 /* silversalmoncreek@2x.jpg */,
				13DC248A2D8D3EA4002ED3E6 /* stmarylake@2x.jpg */,
				13DC248B2D8D3EA4002ED3E6 /* twinlake@2x.jpg */,
				13DC248C2D8D3EA4002ED3E6 /* umbagog@2x.jpg */,
			);
			path = Images;
			sourceTree = "<group>";
		};
		13DC24A72D8FBAB1002ED3E6 /* Landmarks */ = {
			isa = PBXGroup;
			children = (
				13DC24A32D8D54EC002ED3E6 /* LandmarkDetail.swift */,
				13DC24A12D8D536C002ED3E6 /* LandmarkList.swift */,
				13DC249F2D8D4ED6002ED3E6 /* LandmarkRow.swift */,
			);
			path = Landmarks;
			sourceTree = "<group>";
		};
		13DC24A82D8FBACC002ED3E6 /* Helper */ = {
			isa = PBXGroup;
			children = (
				13DC24712D8D244F002ED3E6 /* CircleImage.swift */,
				13DC24732D8D244F002ED3E6 /* MapView.swift */,
				13DC24A52D8FBA17002ED3E6 /* FavoriteButton.swift */,
			);
			path = Helper;
			sourceTree = "<group>";
		};
		13DC24B92D8FE79B002ED3E6 /* Badge */ = {
			isa = PBXGroup;
			children = (
				13DC24AF2D8FC4AA002ED3E6 /* HexagonParameters.swift */,
				13DC24B12D8FC5B4002ED3E6 /* BadgeBackground.swift */,
				13DC24B32D8FE536002ED3E6 /* BadgeSymbol.swift */,
				13DC24B52D8FE5B9002ED3E6 /* RotatedBadgeSymbol.swift */,
				13DC24B72D8FE63A002ED3E6 /* Badge.swift */,
				13DC24D52D91D170002ED3E6 /* HikeBadge.swift */,
			);
			path = Badge;
			sourceTree = "<group>";
		};
		13DC24C22D91BA13002ED3E6 /* Hikes */ = {
			isa = PBXGroup;
			children = (
				13DC24BE2D91BA13002ED3E6 /* GraphCapsule.swift */,
				13DC24BF2D91BA13002ED3E6 /* HikeDetail.swift */,
				13DC24C02D91BA13002ED3E6 /* HikeGraph.swift */,
				13DC24C12D91BA13002ED3E6 /* HikeView.swift */,
			);
			path = Hikes;
			sourceTree = "<group>";
		};
		13DC24C72D91C249002ED3E6 /* Categories */ = {
			isa = PBXGroup;
			children = (
				13DC24C82D91C27A002ED3E6 /* CategoryHome.swift */,
				13DC24CA2D91C4C7002ED3E6 /* CategoryRow.swift */,
				13DC24CC2D91C7B8002ED3E6 /* CategoryItem.swift */,
			);
			path = Categories;
			sourceTree = "<group>";
		};
		13DC24D02D91CF3D002ED3E6 /* Profiles */ = {
			isa = PBXGroup;
			children = (
				13DC24D12D91CF5E002ED3E6 /* ProfileHost.swift */,
				13DC24D32D91CFE3002ED3E6 /* ProfileSummary.swift */,
				13DC24D72D9251D4002ED3E6 /* ProfileEditor.swift */,
			);
			path = Profiles;
			sourceTree = "<group>";
		};
/* End PBXGroup section */

/* Begin PBXNativeTarget section */
		13770BE32D79A3F700E10265 /* ToDoList */ = {
			isa = PBXNativeTarget;
			buildConfigurationList = 13770C082D79A3F800E10265 /* Build configuration list for PBXNativeTarget "ToDoList" */;
			buildPhases = (
				13770BE02D79A3F700E10265 /* Sources */,
				13770BE12D79A3F700E10265 /* Frameworks */,
				13770BE22D79A3F700E10265 /* Resources */,
			);
			buildRules = (
			);
			dependencies = (
			);
			name = ToDoList;
			packageProductDependencies = (
				13770C242D79B90A00E10265 /* FirebaseAuth */,
				13770C262D79B90A00E10265 /* FirebaseFirestore */,
			);
			productName = ToDoList;
			productReference = 13770BE42D79A3F700E10265 /* ToDoList.app */;
			productType = "com.apple.product-type.application";
		};
		13770BF32D79A3F800E10265 /* ToDoListTests */ = {
			isa = PBXNativeTarget;
			buildConfigurationList = 13770C0B2D79A3F800E10265 /* Build configuration list for PBXNativeTarget "ToDoListTests" */;
			buildPhases = (
				13770BF02D79A3F800E10265 /* Sources */,
				13770BF12D79A3F800E10265 /* Frameworks */,
				13770BF22D79A3F800E10265 /* Resources */,
			);
			buildRules = (
			);
			dependencies = (
				13770BF62D79A3F800E10265 /* PBXTargetDependency */,
			);
			fileSystemSynchronizedGroups = (
				13770BF72D79A3F800E10265 /* ToDoListTests */,
			);
			name = ToDoListTests;
			packageProductDependencies = (
			);
			productName = ToDoListTests;
			productReference = 13770BF42D79A3F800E10265 /* ToDoListTests.xctest */;
			productType = "com.apple.product-type.bundle.unit-test";
		};
		13770BFD2D79A3F800E10265 /* ToDoListUITests */ = {
			isa = PBXNativeTarget;
			buildConfigurationList = 13770C0E2D79A3F800E10265 /* Build configuration list for PBXNativeTarget "ToDoListUITests" */;
			buildPhases = (
				13770BFA2D79A3F800E10265 /* Sources */,
				13770BFB2D79A3F800E10265 /* Frameworks */,
				13770BFC2D79A3F800E10265 /* Resources */,
			);
			buildRules = (
			);
			dependencies = (
				13770C002D79A3F800E10265 /* PBXTargetDependency */,
			);
			fileSystemSynchronizedGroups = (
				13770C012D79A3F800E10265 /* ToDoListUITests */,
			);
			name = ToDoListUITests;
			packageProductDependencies = (
			);
			productName = ToDoListUITests;
			productReference = 13770BFE2D79A3F800E10265 /* ToDoListUITests.xctest */;
			productType = "com.apple.product-type.bundle.ui-testing";
		};
/* End PBXNativeTarget section */

/* Begin PBXProject section */
		13770BDC2D79A3F700E10265 /* Project object */ = {
			isa = PBXProject;
			attributes = {
				BuildIndependentTargetsInParallel = 1;
				LastSwiftUpdateCheck = 1620;
				LastUpgradeCheck = 1620;
				TargetAttributes = {
					13770BE32D79A3F700E10265 = {
						CreatedOnToolsVersion = 16.2;
					};
					13770BF32D79A3F800E10265 = {
						CreatedOnToolsVersion = 16.2;
						TestTargetID = 13770BE32D79A3F700E10265;
					};
					13770BFD2D79A3F800E10265 = {
						CreatedOnToolsVersion = 16.2;
						TestTargetID = 13770BE32D79A3F700E10265;
					};
				};
			};
			buildConfigurationList = 13770BDF2D79A3F700E10265 /* Build configuration list for PBXProject "ToDoList" */;
			developmentRegion = en;
			hasScannedForEncodings = 0;
			knownRegions = (
				en,
				Base,
			);
			mainGroup = 13770BDB2D79A3F700E10265;
			minimizedProjectReferenceProxies = 1;
			packageReferences = (
				13770C222D79B77500E10265 /* XCRemoteSwiftPackageReference "firebase-ios-sdk" */,
			);
			preferredProjectObjectVersion = 77;
			productRefGroup = 13770BE52D79A3F700E10265 /* Products */;
			projectDirPath = "";
			projectRoot = "";
			targets = (
				13770BE32D79A3F700E10265 /* ToDoList */,
				13770BF32D79A3F800E10265 /* ToDoListTests */,
				13770BFD2D79A3F800E10265 /* ToDoListUITests */,
			);
		};
/* End PBXProject section */

/* Begin PBXResourcesBuildPhase section */
		13770BE22D79A3F700E10265 /* Resources */ = {
			isa = PBXResourcesBuildPhase;
			buildActionMask = 2147483647;
			files = (
				13DC24792D8D244F002ED3E6 /* Preview Assets.xcassets in Resources */,
				13DC248E2D8D3EA4002ED3E6 /* chincoteague@2x.jpg in Resources */,
				13DC24BB2D8FECE4002ED3E6 /* hikeData.json in Resources */,
				13DC248F2D8D3EA4002ED3E6 /* hiddenlake@2x.jpg in Resources */,
				13DC24902D8D3EA4002ED3E6 /* rainbowlake@2x.jpg in Resources */,
				13DC24912D8D3EA4002ED3E6 /* lakemcdonald@2x.jpg in Resources */,
				13DC24922D8D3EA4002ED3E6 /* chilkoottrail@2x.jpg in Resources */,
				13DC24932D8D3EA4002ED3E6 /* silversalmoncreek@2x.jpg in Resources */,
				13DC24942D8D3EA4002ED3E6 /* stmarylake@2x.jpg in Resources */,
				13DC24952D8D3EA4002ED3E6 /* umbagog@2x.jpg in Resources */,
				13DC249A2D8D3F5D002ED3E6 /* turtlerock@2x.jpg in Resources */,
				13DC24962D8D3EA4002ED3E6 /* twinlake@2x.jpg in Resources */,
				13DC24972D8D3EA4002ED3E6 /* charleyrivers@2x.jpg in Resources */,
				13DC24982D8D3EA4002ED3E6 /* icybay@2x.jpg in Resources */,
				13DC249E2D8D4E55002ED3E6 /* landmarkData.json in Resources */,
				13DC247A2D8D244F002ED3E6 /* Assets.xcassets in Resources */,
				13DC247B2D8D244F002ED3E6 /* GoogleService-Info.plist in Resources */,
			);
			runOnlyForDeploymentPostprocessing = 0;
		};
		13770BF22D79A3F800E10265 /* Resources */ = {
			isa = PBXResourcesBuildPhase;
			buildActionMask = 2147483647;
			files = (
			);
			runOnlyForDeploymentPostprocessing = 0;
		};
		13770BFC2D79A3F800E10265 /* Resources */ = {
			isa = PBXResourcesBuildPhase;
			buildActionMask = 2147483647;
			files = (
			);
			runOnlyForDeploymentPostprocessing = 0;
		};
/* End PBXResourcesBuildPhase section */

/* Begin PBXSourcesBuildPhase section */
		13770BE02D79A3F700E10265 /* Sources */ = {
			isa = PBXSourcesBuildPhase;
			buildActionMask = 2147483647;
			files = (
				13DC24CB2D91C4C7002ED3E6 /* CategoryRow.swift in Sources */,
				13DC24CF2D91CF1E002ED3E6 /* Profile.swift in Sources */,
				13DC247C2D8D244F002ED3E6 /* CircleImage.swift in Sources */,
				13DC24C92D91C27A002ED3E6 /* CategoryHome.swift in Sources */,
				13DC24B82D8FE63B002ED3E6 /* Badge.swift in Sources */,
				13DC247D2D8D244F002ED3E6 /* ContentView.swift in Sources */,
				13DC24C32D91BA13002ED3E6 /* HikeView.swift in Sources */,
				13DC24C42D91BA13002ED3E6 /* HikeDetail.swift in Sources */,
				13DC24C52D91BA13002ED3E6 /* GraphCapsule.swift in Sources */,
				13DC24C62D91BA13002ED3E6 /* HikeGraph.swift in Sources */,
				13DC24CD2D91C7B8002ED3E6 /* CategoryItem.swift in Sources */,
				13DC247E2D8D244F002ED3E6 /* MapView.swift in Sources */,
				13DC24D42D91CFE3002ED3E6 /* ProfileSummary.swift in Sources */,
				13DC24A62D8FBA17002ED3E6 /* FavoriteButton.swift in Sources */,
				13DC24D22D91CF5E002ED3E6 /* ProfileHost.swift in Sources */,
				13DC24B02D8FC4AA002ED3E6 /* HexagonParameters.swift in Sources */,
				13DC24BD2D8FED04002ED3E6 /* Hike.swift in Sources */,
				13DC24B62D8FE5B9002ED3E6 /* RotatedBadgeSymbol.swift in Sources */,
				13DC24D82D9251D4002ED3E6 /* ProfileEditor.swift in Sources */,
				13DC24B42D8FE536002ED3E6 /* BadgeSymbol.swift in Sources */,
				13DC24A22D8D536C002ED3E6 /* LandmarkList.swift in Sources */,
				13DC24A42D8D54EC002ED3E6 /* LandmarkDetail.swift in Sources */,
				13DC24B22D8FC5B4002ED3E6 /* BadgeBackground.swift in Sources */,
				13DC24D62D91D170002ED3E6 /* HikeBadge.swift in Sources */,
				13DC247F2D8D244F002ED3E6 /* ToDoListApp.swift in Sources */,
				13DC24812D8D24D6002ED3E6 /* Landmark.swift in Sources */,
				13DC24A02D8D4ED6002ED3E6 /* LandmarkRow.swift in Sources */,
				13DC249C2D8D45D1002ED3E6 /* ModelData.swift in Sources */,
			);
			runOnlyForDeploymentPostprocessing = 0;
		};
		13770BF02D79A3F800E10265 /* Sources */ = {
			isa = PBXSourcesBuildPhase;
			buildActionMask = 2147483647;
			files = (
			);
			runOnlyForDeploymentPostprocessing = 0;
		};
		13770BFA2D79A3F800E10265 /* Sources */ = {
			isa = PBXSourcesBuildPhase;
			buildActionMask = 2147483647;
			files = (
			);
			runOnlyForDeploymentPostprocessing = 0;
		};
/* End PBXSourcesBuildPhase section */

/* Begin PBXTargetDependency section */
		13770BF62D79A3F800E10265 /* PBXTargetDependency */ = {
			isa = PBXTargetDependency;
			target = 13770BE32D79A3F700E10265 /* ToDoList */;
			targetProxy = 13770BF52D79A3F800E10265 /* PBXContainerItemProxy */;
		};
		13770C002D79A3F800E10265 /* PBXTargetDependency */ = {
			isa = PBXTargetDependency;
			target = 13770BE32D79A3F700E10265 /* ToDoList */;
			targetProxy = 13770BFF2D79A3F800E10265 /* PBXContainerItemProxy */;
		};
/* End PBXTargetDependency section */

/* Begin XCBuildConfiguration section */
		13770C062D79A3F800E10265 /* Debug */ = {
			isa = XCBuildConfiguration;
			buildSettings = {
				ALWAYS_SEARCH_USER_PATHS = NO;
				ASSETCATALOG_COMPILER_GENERATE_SWIFT_ASSET_SYMBOL_EXTENSIONS = YES;
				CLANG_ANALYZER_NONNULL = YES;
				CLANG_ANALYZER_NUMBER_OBJECT_CONVERSION = YES_AGGRESSIVE;
				CLANG_CXX_LANGUAGE_STANDARD = "gnu++20";
				CLANG_ENABLE_MODULES = YES;
				CLANG_ENABLE_OBJC_ARC = YES;
				CLANG_ENABLE_OBJC_WEAK = YES;
				CLANG_WARN_BLOCK_CAPTURE_AUTORELEASING = YES;
				CLANG_WARN_BOOL_CONVERSION = YES;
				CLANG_WARN_COMMA = YES;
				CLANG_WARN_CONSTANT_CONVERSION = YES;
				CLANG_WARN_DEPRECATED_OBJC_IMPLEMENTATIONS = YES;
				CLANG_WARN_DIRECT_OBJC_ISA_USAGE = YES_ERROR;
				CLANG_WARN_DOCUMENTATION_COMMENTS = YES;
				CLANG_WARN_EMPTY_BODY = YES;
				CLANG_WARN_ENUM_CONVERSION = YES;
				CLANG_WARN_INFINITE_RECURSION = YES;
				CLANG_WARN_INT_CONVERSION = YES;
				CLANG_WARN_NON_LITERAL_NULL_CONVERSION = YES;
				CLANG_WARN_OBJC_IMPLICIT_RETAIN_SELF = YES;
				CLANG_WARN_OBJC_LITERAL_CONVERSION = YES;
				CLANG_WARN_OBJC_ROOT_CLASS = YES_ERROR;
				CLANG_WARN_QUOTED_INCLUDE_IN_FRAMEWORK_HEADER = YES;
				CLANG_WARN_RANGE_LOOP_ANALYSIS = YES;
				CLANG_WARN_STRICT_PROTOTYPES = YES;
				CLANG_WARN_SUSPICIOUS_MOVE = YES;
				CLANG_WARN_UNGUARDED_AVAILABILITY = YES_AGGRESSIVE;
				CLANG_WARN_UNREACHABLE_CODE = YES;
				CLANG_WARN__DUPLICATE_METHOD_MATCH = YES;
				COPY_PHASE_STRIP = NO;
				DEBUG_INFORMATION_FORMAT = dwarf;
				ENABLE_STRICT_OBJC_MSGSEND = YES;
				ENABLE_TESTABILITY = YES;
				ENABLE_USER_SCRIPT_SANDBOXING = YES;
				GCC_C_LANGUAGE_STANDARD = gnu17;
				GCC_DYNAMIC_NO_PIC = NO;
				GCC_NO_COMMON_BLOCKS = YES;
				GCC_OPTIMIZATION_LEVEL = 0;
				GCC_PREPROCESSOR_DEFINITIONS = (
					"DEBUG=1",
					"$(inherited)",
				);
				GCC_WARN_64_TO_32_BIT_CONVERSION = YES;
				GCC_WARN_ABOUT_RETURN_TYPE = YES_ERROR;
				GCC_WARN_UNDECLARED_SELECTOR = YES;
				GCC_WARN_UNINITIALIZED_AUTOS = YES_AGGRESSIVE;
				GCC_WARN_UNUSED_FUNCTION = YES;
				GCC_WARN_UNUSED_VARIABLE = YES;
				IPHONEOS_DEPLOYMENT_TARGET = 18.2;
				LOCALIZATION_PREFERS_STRING_CATALOGS = YES;
				MTL_ENABLE_DEBUG_INFO = INCLUDE_SOURCE;
				MTL_FAST_MATH = YES;
				ONLY_ACTIVE_ARCH = YES;
				SDKROOT = iphoneos;
				SWIFT_ACTIVE_COMPILATION_CONDITIONS = "DEBUG $(inherited)";
				SWIFT_OPTIMIZATION_LEVEL = "-Onone";
			};
			name = Debug;
		};
		13770C072D79A3F800E10265 /* Release */ = {
			isa = XCBuildConfiguration;
			buildSettings = {
				ALWAYS_SEARCH_USER_PATHS = NO;
				ASSETCATALOG_COMPILER_GENERATE_SWIFT_ASSET_SYMBOL_EXTENSIONS = YES;
				CLANG_ANALYZER_NONNULL = YES;
				CLANG_ANALYZER_NUMBER_OBJECT_CONVERSION = YES_AGGRESSIVE;
				CLANG_CXX_LANGUAGE_STANDARD = "gnu++20";
				CLANG_ENABLE_MODULES = YES;
				CLANG_ENABLE_OBJC_ARC = YES;
				CLANG_ENABLE_OBJC_WEAK = YES;
				CLANG_WARN_BLOCK_CAPTURE_AUTORELEASING = YES;
				CLANG_WARN_BOOL_CONVERSION = YES;
				CLANG_WARN_COMMA = YES;
				CLANG_WARN_CONSTANT_CONVERSION = YES;
				CLANG_WARN_DEPRECATED_OBJC_IMPLEMENTATIONS = YES;
				CLANG_WARN_DIRECT_OBJC_ISA_USAGE = YES_ERROR;
				CLANG_WARN_DOCUMENTATION_COMMENTS = YES;
				CLANG_WARN_EMPTY_BODY = YES;
				CLANG_WARN_ENUM_CONVERSION = YES;
				CLANG_WARN_INFINITE_RECURSION = YES;
				CLANG_WARN_INT_CONVERSION = YES;
				CLANG_WARN_NON_LITERAL_NULL_CONVERSION = YES;
				CLANG_WARN_OBJC_IMPLICIT_RETAIN_SELF = YES;
				CLANG_WARN_OBJC_LITERAL_CONVERSION = YES;
				CLANG_WARN_OBJC_ROOT_CLASS = YES_ERROR;
				CLANG_WARN_QUOTED_INCLUDE_IN_FRAMEWORK_HEADER = YES;
				CLANG_WARN_RANGE_LOOP_ANALYSIS = YES;
				CLANG_WARN_STRICT_PROTOTYPES = YES;
				CLANG_WARN_SUSPICIOUS_MOVE = YES;
				CLANG_WARN_UNGUARDED_AVAILABILITY = YES_AGGRESSIVE;
				CLANG_WARN_UNREACHABLE_CODE = YES;
				CLANG_WARN__DUPLICATE_METHOD_MATCH = YES;
				COPY_PHASE_STRIP = NO;
				DEBUG_INFORMATION_FORMAT = "dwarf-with-dsym";
				ENABLE_NS_ASSERTIONS = NO;
				ENABLE_STRICT_OBJC_MSGSEND = YES;
				ENABLE_USER_SCRIPT_SANDBOXING = YES;
				GCC_C_LANGUAGE_STANDARD = gnu17;
				GCC_NO_COMMON_BLOCKS = YES;
				GCC_WARN_64_TO_32_BIT_CONVERSION = YES;
				GCC_WARN_ABOUT_RETURN_TYPE = YES_ERROR;
				GCC_WARN_UNDECLARED_SELECTOR = YES;
				GCC_WARN_UNINITIALIZED_AUTOS = YES_AGGRESSIVE;
				GCC_WARN_UNUSED_FUNCTION = YES;
				GCC_WARN_UNUSED_VARIABLE = YES;
				IPHONEOS_DEPLOYMENT_TARGET = 18.2;
				LOCALIZATION_PREFERS_STRING_CATALOGS = YES;
				MTL_ENABLE_DEBUG_INFO = NO;
				MTL_FAST_MATH = YES;
				SDKROOT = iphoneos;
				SWIFT_COMPILATION_MODE = wholemodule;
				VALIDATE_PRODUCT = YES;
			};
			name = Release;
		};
		13770C092D79A3F800E10265 /* Debug */ = {
			isa = XCBuildConfiguration;
			buildSettings = {
				ASSETCATALOG_COMPILER_APPICON_NAME = AppIcon;
				ASSETCATALOG_COMPILER_GLOBAL_ACCENT_COLOR_NAME = AccentColor;
				CODE_SIGN_STYLE = Automatic;
				CURRENT_PROJECT_VERSION = 1;
				DEVELOPMENT_ASSET_PATHS = "\"ToDoList/Preview Content\"";
				ENABLE_PREVIEWS = YES;
				GENERATE_INFOPLIST_FILE = YES;
				INFOPLIST_KEY_CFBundleDisplayName = "To Do List";
				INFOPLIST_KEY_UIApplicationSceneManifest_Generation = YES;
				INFOPLIST_KEY_UIApplicationSupportsIndirectInputEvents = YES;
				INFOPLIST_KEY_UILaunchScreen_Generation = YES;
				INFOPLIST_KEY_UISupportedInterfaceOrientations = UIInterfaceOrientationPortrait;
				LD_RUNPATH_SEARCH_PATHS = (
					"$(inherited)",
					"@executable_path/Frameworks",
				);
				MARKETING_VERSION = 1.0;
				PRODUCT_BUNDLE_IDENTIFIER = io.mascill.ToDoList;
				PRODUCT_NAME = "$(TARGET_NAME)";
				SWIFT_EMIT_LOC_STRINGS = YES;
				SWIFT_VERSION = 5.0;
				TARGETED_DEVICE_FAMILY = "1,2";
			};
			name = Debug;
		};
		13770C0A2D79A3F800E10265 /* Release */ = {
			isa = XCBuildConfiguration;
			buildSettings = {
				ASSETCATALOG_COMPILER_APPICON_NAME = AppIcon;
				ASSETCATALOG_COMPILER_GLOBAL_ACCENT_COLOR_NAME = AccentColor;
				CODE_SIGN_STYLE = Automatic;
				CURRENT_PROJECT_VERSION = 1;
				DEVELOPMENT_ASSET_PATHS = "\"ToDoList/Preview Content\"";
				ENABLE_PREVIEWS = YES;
				GENERATE_INFOPLIST_FILE = YES;
				INFOPLIST_KEY_CFBundleDisplayName = "To Do List";
				INFOPLIST_KEY_UIApplicationSceneManifest_Generation = YES;
				INFOPLIST_KEY_UIApplicationSupportsIndirectInputEvents = YES;
				INFOPLIST_KEY_UILaunchScreen_Generation = YES;
				INFOPLIST_KEY_UISupportedInterfaceOrientations = UIInterfaceOrientationPortrait;
				LD_RUNPATH_SEARCH_PATHS = (
					"$(inherited)",
					"@executable_path/Frameworks",
				);
				MARKETING_VERSION = 1.0;
				PRODUCT_BUNDLE_IDENTIFIER = io.mascill.ToDoList;
				PRODUCT_NAME = "$(TARGET_NAME)";
				SWIFT_EMIT_LOC_STRINGS = YES;
				SWIFT_VERSION = 5.0;
				TARGETED_DEVICE_FAMILY = "1,2";
			};
			name = Release;
		};
		13770C0C2D79A3F800E10265 /* Debug */ = {
			isa = XCBuildConfiguration;
			buildSettings = {
				BUNDLE_LOADER = "$(TEST_HOST)";
				CODE_SIGN_STYLE = Automatic;
				CURRENT_PROJECT_VERSION = 1;
				GENERATE_INFOPLIST_FILE = YES;
				IPHONEOS_DEPLOYMENT_TARGET = 18.2;
				MARKETING_VERSION = 1.0;
				PRODUCT_BUNDLE_IDENTIFIER = io.mascill.ToDoListTests;
				PRODUCT_NAME = "$(TARGET_NAME)";
				SWIFT_EMIT_LOC_STRINGS = NO;
				SWIFT_VERSION = 5.0;
				TARGETED_DEVICE_FAMILY = "1,2";
				TEST_HOST = "$(BUILT_PRODUCTS_DIR)/ToDoList.app/$(BUNDLE_EXECUTABLE_FOLDER_PATH)/ToDoList";
			};
			name = Debug;
		};
		13770C0D2D79A3F800E10265 /* Release */ = {
			isa = XCBuildConfiguration;
			buildSettings = {
				BUNDLE_LOADER = "$(TEST_HOST)";
				CODE_SIGN_STYLE = Automatic;
				CURRENT_PROJECT_VERSION = 1;
				GENERATE_INFOPLIST_FILE = YES;
				IPHONEOS_DEPLOYMENT_TARGET = 18.2;
				MARKETING_VERSION = 1.0;
				PRODUCT_BUNDLE_IDENTIFIER = io.mascill.ToDoListTests;
				PRODUCT_NAME = "$(TARGET_NAME)";
				SWIFT_EMIT_LOC_STRINGS = NO;
				SWIFT_VERSION = 5.0;
				TARGETED_DEVICE_FAMILY = "1,2";
				TEST_HOST = "$(BUILT_PRODUCTS_DIR)/ToDoList.app/$(BUNDLE_EXECUTABLE_FOLDER_PATH)/ToDoList";
			};
			name = Release;
		};
		13770C0F2D79A3F800E10265 /* Debug */ = {
			isa = XCBuildConfiguration;
			buildSettings = {
				CODE_SIGN_STYLE = Automatic;
				CURRENT_PROJECT_VERSION = 1;
				GENERATE_INFOPLIST_FILE = YES;
				MARKETING_VERSION = 1.0;
				PRODUCT_BUNDLE_IDENTIFIER = io.mascill.ToDoListUITests;
				PRODUCT_NAME = "$(TARGET_NAME)";
				SWIFT_EMIT_LOC_STRINGS = NO;
				SWIFT_VERSION = 5.0;
				TARGETED_DEVICE_FAMILY = "1,2";
				TEST_TARGET_NAME = ToDoList;
			};
			name = Debug;
		};
		13770C102D79A3F800E10265 /* Release */ = {
			isa = XCBuildConfiguration;
			buildSettings = {
				CODE_SIGN_STYLE = Automatic;
				CURRENT_PROJECT_VERSION = 1;
				GENERATE_INFOPLIST_FILE = YES;
				MARKETING_VERSION = 1.0;
				PRODUCT_BUNDLE_IDENTIFIER = io.mascill.ToDoListUITests;
				PRODUCT_NAME = "$(TARGET_NAME)";
				SWIFT_EMIT_LOC_STRINGS = NO;
				SWIFT_VERSION = 5.0;
				TARGETED_DEVICE_FAMILY = "1,2";
				TEST_TARGET_NAME = ToDoList;
			};
			name = Release;
		};
/* End XCBuildConfiguration section */

/* Begin XCConfigurationList section */
		13770BDF2D79A3F700E10265 /* Build configuration list for PBXProject "ToDoList" */ = {
			isa = XCConfigurationList;
			buildConfigurations = (
				13770C062D79A3F800E10265 /* Debug */,
				13770C072D79A3F800E10265 /* Release */,
			);
			defaultConfigurationIsVisible = 0;
			defaultConfigurationName = Release;
		};
		13770C082D79A3F800E10265 /* Build configuration list for PBXNativeTarget "ToDoList" */ = {
			isa = XCConfigurationList;
			buildConfigurations = (
				13770C092D79A3F800E10265 /* Debug */,
				13770C0A2D79A3F800E10265 /* Release */,
			);
			defaultConfigurationIsVisible = 0;
			defaultConfigurationName = Release;
		};
		13770C0B2D79A3F800E10265 /* Build configuration list for PBXNativeTarget "ToDoListTests" */ = {
			isa = XCConfigurationList;
			buildConfigurations = (
				13770C0C2D79A3F800E10265 /* Debug */,
				13770C0D2D79A3F800E10265 /* Release */,
			);
			defaultConfigurationIsVisible = 0;
			defaultConfigurationName = Release;
		};
		13770C0E2D79A3F800E10265 /* Build configuration list for PBXNativeTarget "ToDoListUITests" */ = {
			isa = XCConfigurationList;
			buildConfigurations = (
				13770C0F2D79A3F800E10265 /* Debug */,
				13770C102D79A3F800E10265 /* Release */,
			);
			defaultConfigurationIsVisible = 0;
			defaultConfigurationName = Release;
		};
/* End XCConfigurationList section */

/* Begin XCRemoteSwiftPackageReference section */
		13770C222D79B77500E10265 /* XCRemoteSwiftPackageReference "firebase-ios-sdk" */ = {
			isa = XCRemoteSwiftPackageReference;
			repositoryURL = "https://github.com/firebase/firebase-ios-sdk";
			requirement = {
				kind = upToNextMajorVersion;
				minimumVersion = 11.9.0;
			};
		};
/* End XCRemoteSwiftPackageReference section */

/* Begin XCSwiftPackageProductDependency section */
		13770C242D79B90A00E10265 /* FirebaseAuth */ = {
			isa = XCSwiftPackageProductDependency;
			package = 13770C222D79B77500E10265 /* XCRemoteSwiftPackageReference "firebase-ios-sdk" */;
			productName = FirebaseAuth;
		};
		13770C262D79B90A00E10265 /* FirebaseFirestore */ = {
			isa = XCSwiftPackageProductDependency;
			package = 13770C222D79B77500E10265 /* XCRemoteSwiftPackageReference "firebase-ios-sdk" */;
			productName = FirebaseFirestore;
		};
/* End XCSwiftPackageProductDependency section */
	};
	rootObject = 13770BDC2D79A3F700E10265 /* Project object */;
}
